// !$*UTF8*$!
{
	archiveVersion = 1;
	classes = {
	};
	objectVersion = 48;
	objects = {

/* Begin PBXBuildFile section */
		21F01136D5787C4891A5CF82 /* libPods-learnRAC.a in Frameworks */ = {isa = PBXBuildFile; fileRef = C9C6675A0781039F47879BFB /* libPods-learnRAC.a */; };
		27FDE4DDB371027EBFD94EAC /* libPods-learnRACTests.a in Frameworks */ = {isa = PBXBuildFile; fileRef = E3F1C486A1AF38BB5464B2A2 /* libPods-learnRACTests.a */; };
		B2BF983A1FE4E0BC008530E1 /* AppDelegate.m in Sources */ = {isa = PBXBuildFile; fileRef = B2BF98391FE4E0BC008530E1 /* AppDelegate.m */; };
		B2BF98421FE4E0BC008530E1 /* Assets.xcassets in Resources */ = {isa = PBXBuildFile; fileRef = B2BF98411FE4E0BC008530E1 /* Assets.xcassets */; };
		B2BF98451FE4E0BC008530E1 /* LaunchScreen.storyboard in Resources */ = {isa = PBXBuildFile; fileRef = B2BF98431FE4E0BC008530E1 /* LaunchScreen.storyboard */; };
		B2BF98481FE4E0BC008530E1 /* main.m in Sources */ = {isa = PBXBuildFile; fileRef = B2BF98471FE4E0BC008530E1 /* main.m */; };
		B2BF98521FE4E0BC008530E1 /* learnRACTests.m in Sources */ = {isa = PBXBuildFile; fileRef = B2BF98511FE4E0BC008530E1 /* learnRACTests.m */; };
		B2BF985D1FE4E0BC008530E1 /* learnRACUITests.m in Sources */ = {isa = PBXBuildFile; fileRef = B2BF985C1FE4E0BC008530E1 /* learnRACUITests.m */; };
		B2CF87A81FE4E30F003464F9 /* ViewController.m in Sources */ = {isa = PBXBuildFile; fileRef = B2CF87A61FE4E30F003464F9 /* ViewController.m */; };
		B2CF87A91FE4E30F003464F9 /* ViewController.xib in Resources */ = {isa = PBXBuildFile; fileRef = B2CF87A71FE4E30F003464F9 /* ViewController.xib */; };
		BD658A92A6DA37D871E28379 /* libPods-learnRACUITests.a in Frameworks */ = {isa = PBXBuildFile; fileRef = EE8E85471A291B8E0994EBF3 /* libPods-learnRACUITests.a */; };
/* End PBXBuildFile section */

/* Begin PBXContainerItemProxy section */
		B2BF984E1FE4E0BC008530E1 /* PBXContainerItemProxy */ = {
			isa = PBXContainerItemProxy;
			containerPortal = B2BF982D1FE4E0BC008530E1 /* Project object */;
			proxyType = 1;
			remoteGlobalIDString = B2BF98341FE4E0BC008530E1;
			remoteInfo = learnRAC;
		};
		B2BF98591FE4E0BC008530E1 /* PBXContainerItemProxy */ = {
			isa = PBXContainerItemProxy;
			containerPortal = B2BF982D1FE4E0BC008530E1 /* Project object */;
			proxyType = 1;
			remoteGlobalIDString = B2BF98341FE4E0BC008530E1;
			remoteInfo = learnRAC;
		};
/* End PBXContainerItemProxy section */

/* Begin PBXFileReference section */
		0E7342AA5C868205B154123B /* Pods-learnRAC.debug.xcconfig */ = {isa = PBXFileReference; includeInIndex = 1; lastKnownFileType = text.xcconfig; name = "Pods-learnRAC.debug.xcconfig"; path = "Pods/Target Support Files/Pods-learnRAC/Pods-learnRAC.debug.xcconfig"; sourceTree = "<group>"; };
		4205B9433BD8BBBF38C18EDA /* Pods-learnRAC.release.xcconfig */ = {isa = PBXFileReference; includeInIndex = 1; lastKnownFileType = text.xcconfig; name = "Pods-learnRAC.release.xcconfig"; path = "Pods/Target Support Files/Pods-learnRAC/Pods-learnRAC.release.xcconfig"; sourceTree = "<group>"; };
		527F2CEF12C11B6632AE7FC3 /* Pods-learnRACTests.release.xcconfig */ = {isa = PBXFileReference; includeInIndex = 1; lastKnownFileType = text.xcconfig; name = "Pods-learnRACTests.release.xcconfig"; path = "Pods/Target Support Files/Pods-learnRACTests/Pods-learnRACTests.release.xcconfig"; sourceTree = "<group>"; };
		8E92C0D0D24AE65DF564DD7E /* Pods-learnRACTests.debug.xcconfig */ = {isa = PBXFileReference; includeInIndex = 1; lastKnownFileType = text.xcconfig; name = "Pods-learnRACTests.debug.xcconfig"; path = "Pods/Target Support Files/Pods-learnRACTests/Pods-learnRACTests.debug.xcconfig"; sourceTree = "<group>"; };
		B2BF98351FE4E0BC008530E1 /* learnRAC.app */ = {isa = PBXFileReference; explicitFileType = wrapper.application; includeInIndex = 0; path = learnRAC.app; sourceTree = BUILT_PRODUCTS_DIR; };
		B2BF98381FE4E0BC008530E1 /* AppDelegate.h */ = {isa = PBXFileReference; lastKnownFileType = sourcecode.c.h; path = AppDelegate.h; sourceTree = "<group>"; };
		B2BF98391FE4E0BC008530E1 /* AppDelegate.m */ = {isa = PBXFileReference; lastKnownFileType = sourcecode.c.objc; path = AppDelegate.m; sourceTree = "<group>"; };
		B2BF98411FE4E0BC008530E1 /* Assets.xcassets */ = {isa = PBXFileReference; lastKnownFileType = folder.assetcatalog; path = Assets.xcassets; sourceTree = "<group>"; };
		B2BF98441FE4E0BC008530E1 /* Base */ = {isa = PBXFileReference; lastKnownFileType = file.storyboard; name = Base; path = Base.lproj/LaunchScreen.storyboard; sourceTree = "<group>"; };
		B2BF98461FE4E0BC008530E1 /* Info.plist */ = {isa = PBXFileReference; lastKnownFileType = text.plist.xml; path = Info.plist; sourceTree = "<group>"; };
		B2BF98471FE4E0BC008530E1 /* main.m */ = {isa = PBXFileReference; lastKnownFileType = sourcecode.c.objc; path = main.m; sourceTree = "<group>"; };
		B2BF984D1FE4E0BC008530E1 /* learnRACTests.xctest */ = {isa = PBXFileReference; explicitFileType = wrapper.cfbundle; includeInIndex = 0; path = learnRACTests.xctest; sourceTree = BUILT_PRODUCTS_DIR; };
		B2BF98511FE4E0BC008530E1 /* learnRACTests.m */ = {isa = PBXFileReference; lastKnownFileType = sourcecode.c.objc; path = learnRACTests.m; sourceTree = "<group>"; };
		B2BF98531FE4E0BC008530E1 /* Info.plist */ = {isa = PBXFileReference; lastKnownFileType = text.plist.xml; path = Info.plist; sourceTree = "<group>"; };
		B2BF98581FE4E0BC008530E1 /* learnRACUITests.xctest */ = {isa = PBXFileReference; explicitFileType = wrapper.cfbundle; includeInIndex = 0; path = learnRACUITests.xctest; sourceTree = BUILT_PRODUCTS_DIR; };
		B2BF985C1FE4E0BC008530E1 /* learnRACUITests.m */ = {isa = PBXFileReference; lastKnownFileType = sourcecode.c.objc; path = learnRACUITests.m; sourceTree = "<group>"; };
		B2BF985E1FE4E0BC008530E1 /* Info.plist */ = {isa = PBXFileReference; lastKnownFileType = text.plist.xml; path = Info.plist; sourceTree = "<group>"; };
		B2CF87A51FE4E30F003464F9 /* ViewController.h */ = {isa = PBXFileReference; lastKnownFileType = sourcecode.c.h; path = ViewController.h; sourceTree = "<group>"; };
		B2CF87A61FE4E30F003464F9 /* ViewController.m */ = {isa = PBXFileReference; lastKnownFileType = sourcecode.c.objc; path = ViewController.m; sourceTree = "<group>"; };
		B2CF87A71FE4E30F003464F9 /* ViewController.xib */ = {isa = PBXFileReference; lastKnownFileType = file.xib; path = ViewController.xib; sourceTree = "<group>"; };
		BB32F9515C2784338101282B /* Pods-learnRACUITests.debug.xcconfig */ = {isa = PBXFileReference; includeInIndex = 1; lastKnownFileType = text.xcconfig; name = "Pods-learnRACUITests.debug.xcconfig"; path = "Pods/Target Support Files/Pods-learnRACUITests/Pods-learnRACUITests.debug.xcconfig"; sourceTree = "<group>"; };
		BD50050BAC9603E3F05E0393 /* Pods-learnRACUITests.release.xcconfig */ = {isa = PBXFileReference; includeInIndex = 1; lastKnownFileType = text.xcconfig; name = "Pods-learnRACUITests.release.xcconfig"; path = "Pods/Target Support Files/Pods-learnRACUITests/Pods-learnRACUITests.release.xcconfig"; sourceTree = "<group>"; };
		C9C6675A0781039F47879BFB /* libPods-learnRAC.a */ = {isa = PBXFileReference; explicitFileType = archive.ar; includeInIndex = 0; path = "libPods-learnRAC.a"; sourceTree = BUILT_PRODUCTS_DIR; };
		E3F1C486A1AF38BB5464B2A2 /* libPods-learnRACTests.a */ = {isa = PBXFileReference; explicitFileType = archive.ar; includeInIndex = 0; path = "libPods-learnRACTests.a"; sourceTree = BUILT_PRODUCTS_DIR; };
		EE8E85471A291B8E0994EBF3 /* libPods-learnRACUITests.a */ = {isa = PBXFileReference; explicitFileType = archive.ar; includeInIndex = 0; path = "libPods-learnRACUITests.a"; sourceTree = BUILT_PRODUCTS_DIR; };
/* End PBXFileReference section */

/* Begin PBXFrameworksBuildPhase section */
		B2BF98321FE4E0BC008530E1 /* Frameworks */ = {
			isa = PBXFrameworksBuildPhase;
			buildActionMask = 2147483647;
			files = (
				21F01136D5787C4891A5CF82 /* libPods-learnRAC.a in Frameworks */,
			);
			runOnlyForDeploymentPostprocessing = 0;
		};
		B2BF984A1FE4E0BC008530E1 /* Frameworks */ = {
			isa = PBXFrameworksBuildPhase;
			buildActionMask = 2147483647;
			files = (
				27FDE4DDB371027EBFD94EAC /* libPods-learnRACTests.a in Frameworks */,
			);
			runOnlyForDeploymentPostprocessing = 0;
		};
		B2BF98551FE4E0BC008530E1 /* Frameworks */ = {
			isa = PBXFrameworksBuildPhase;
			buildActionMask = 2147483647;
			files = (
				BD658A92A6DA37D871E28379 /* libPods-learnRACUITests.a in Frameworks */,
			);
			runOnlyForDeploymentPostprocessing = 0;
		};
/* End PBXFrameworksBuildPhase section */

/* Begin PBXGroup section */
		668297F5343695B7E9359F1F /* Frameworks */ = {
			isa = PBXGroup;
			children = (
				C9C6675A0781039F47879BFB /* libPods-learnRAC.a */,
				E3F1C486A1AF38BB5464B2A2 /* libPods-learnRACTests.a */,
				EE8E85471A291B8E0994EBF3 /* libPods-learnRACUITests.a */,
			);
			name = Frameworks;
			sourceTree = "<group>";
		};
		B2BF982C1FE4E0BC008530E1 = {
			isa = PBXGroup;
			children = (
				B2BF98371FE4E0BC008530E1 /* learnRAC */,
				B2BF98501FE4E0BC008530E1 /* learnRACTests */,
				B2BF985B1FE4E0BC008530E1 /* learnRACUITests */,
				B2BF98361FE4E0BC008530E1 /* Products */,
				CC006E3AF89AF76BA1D81C51 /* Pods */,
				668297F5343695B7E9359F1F /* Frameworks */,
			);
			sourceTree = "<group>";
		};
		B2BF98361FE4E0BC008530E1 /* Products */ = {
			isa = PBXGroup;
			children = (
				B2BF98351FE4E0BC008530E1 /* learnRAC.app */,
				B2BF984D1FE4E0BC008530E1 /* learnRACTests.xctest */,
				B2BF98581FE4E0BC008530E1 /* learnRACUITests.xctest */,
			);
			name = Products;
			sourceTree = "<group>";
		};
		B2BF98371FE4E0BC008530E1 /* learnRAC */ = {
			isa = PBXGroup;
			children = (
				B2BF98381FE4E0BC008530E1 /* AppDelegate.h */,
				B2BF98391FE4E0BC008530E1 /* AppDelegate.m */,
				B2BF98411FE4E0BC008530E1 /* Assets.xcassets */,
				B2BF98431FE4E0BC008530E1 /* LaunchScreen.storyboard */,
				B2BF98461FE4E0BC008530E1 /* Info.plist */,
				B2BF98471FE4E0BC008530E1 /* main.m */,
				B2CF87A51FE4E30F003464F9 /* ViewController.h */,
				B2CF87A61FE4E30F003464F9 /* ViewController.m */,
				B2CF87A71FE4E30F003464F9 /* ViewController.xib */,
			);
			path = learnRAC;
			sourceTree = "<group>";
		};
		B2BF98501FE4E0BC008530E1 /* learnRACTests */ = {
			isa = PBXGroup;
			children = (
				B2BF98511FE4E0BC008530E1 /* learnRACTests.m */,
				B2BF98531FE4E0BC008530E1 /* Info.plist */,
			);
			path = learnRACTests;
			sourceTree = "<group>";
		};
		B2BF985B1FE4E0BC008530E1 /* learnRACUITests */ = {
			isa = PBXGroup;
			children = (
				B2BF985C1FE4E0BC008530E1 /* learnRACUITests.m */,
				B2BF985E1FE4E0BC008530E1 /* Info.plist */,
			);
			path = learnRACUITests;
			sourceTree = "<group>";
		};
		CC006E3AF89AF76BA1D81C51 /* Pods */ = {
			isa = PBXGroup;
			children = (
				0E7342AA5C868205B154123B /* Pods-learnRAC.debug.xcconfig */,
				4205B9433BD8BBBF38C18EDA /* Pods-learnRAC.release.xcconfig */,
				8E92C0D0D24AE65DF564DD7E /* Pods-learnRACTests.debug.xcconfig */,
				527F2CEF12C11B6632AE7FC3 /* Pods-learnRACTests.release.xcconfig */,
				BB32F9515C2784338101282B /* Pods-learnRACUITests.debug.xcconfig */,
				BD50050BAC9603E3F05E0393 /* Pods-learnRACUITests.release.xcconfig */,
			);
			name = Pods;
			sourceTree = "<group>";
		};
/* End PBXGroup section */

/* Begin PBXNativeTarget section */
		B2BF98341FE4E0BC008530E1 /* learnRAC */ = {
			isa = PBXNativeTarget;
			buildConfigurationList = B2BF98611FE4E0BC008530E1 /* Build configuration list for PBXNativeTarget "learnRAC" */;
			buildPhases = (
				3A620A6C20F99EEF3CF5106E /* [CP] Check Pods Manifest.lock */,
				B2BF98311FE4E0BC008530E1 /* Sources */,
				B2BF98321FE4E0BC008530E1 /* Frameworks */,
				B2BF98331FE4E0BC008530E1 /* Resources */,
				EB6752E4DA15C35C0F1BA594 /* [CP] Embed Pods Frameworks */,
				91339C2E41905A16841EA91A /* [CP] Copy Pods Resources */,
			);
			buildRules = (
			);
			dependencies = (
			);
			name = learnRAC;
			productName = learnRAC;
			productReference = B2BF98351FE4E0BC008530E1 /* learnRAC.app */;
			productType = "com.apple.product-type.application";
		};
		B2BF984C1FE4E0BC008530E1 /* learnRACTests */ = {
			isa = PBXNativeTarget;
			buildConfigurationList = B2BF98641FE4E0BC008530E1 /* Build configuration list for PBXNativeTarget "learnRACTests" */;
			buildPhases = (
				FCF0FA50844B27775103FBBA /* [CP] Check Pods Manifest.lock */,
				B2BF98491FE4E0BC008530E1 /* Sources */,
				B2BF984A1FE4E0BC008530E1 /* Frameworks */,
				B2BF984B1FE4E0BC008530E1 /* Resources */,
				1671E7259F42C4BE5C3F6C15 /* [CP] Embed Pods Frameworks */,
				5280693034130BE6FFE28727 /* [CP] Copy Pods Resources */,
			);
			buildRules = (
			);
			dependencies = (
				B2BF984F1FE4E0BC008530E1 /* PBXTargetDependency */,
			);
			name = learnRACTests;
			productName = learnRACTests;
			productReference = B2BF984D1FE4E0BC008530E1 /* learnRACTests.xctest */;
			productType = "com.apple.product-type.bundle.unit-test";
		};
		B2BF98571FE4E0BC008530E1 /* learnRACUITests */ = {
			isa = PBXNativeTarget;
			buildConfigurationList = B2BF98671FE4E0BC008530E1 /* Build configuration list for PBXNativeTarget "learnRACUITests" */;
			buildPhases = (
				8153351D9D09B80C8D39BE88 /* [CP] Check Pods Manifest.lock */,
				B2BF98541FE4E0BC008530E1 /* Sources */,
				B2BF98551FE4E0BC008530E1 /* Frameworks */,
				B2BF98561FE4E0BC008530E1 /* Resources */,
				F67DCB29314F3BF80F339555 /* [CP] Embed Pods Frameworks */,
				B713F550A45587EE5159AF31 /* [CP] Copy Pods Resources */,
			);
			buildRules = (
			);
			dependencies = (
				B2BF985A1FE4E0BC008530E1 /* PBXTargetDependency */,
			);
			name = learnRACUITests;
			productName = learnRACUITests;
			productReference = B2BF98581FE4E0BC008530E1 /* learnRACUITests.xctest */;
			productType = "com.apple.product-type.bundle.ui-testing";
		};
/* End PBXNativeTarget section */

/* Begin PBXProject section */
		B2BF982D1FE4E0BC008530E1 /* Project object */ = {
			isa = PBXProject;
			attributes = {
				LastUpgradeCheck = 0920;
				ORGANIZATIONNAME = ljj.com;
				TargetAttributes = {
					B2BF98341FE4E0BC008530E1 = {
						CreatedOnToolsVersion = 9.2;
						ProvisioningStyle = Automatic;
					};
					B2BF984C1FE4E0BC008530E1 = {
						CreatedOnToolsVersion = 9.2;
						ProvisioningStyle = Automatic;
						TestTargetID = B2BF98341FE4E0BC008530E1;
					};
					B2BF98571FE4E0BC008530E1 = {
						CreatedOnToolsVersion = 9.2;
						ProvisioningStyle = Automatic;
						TestTargetID = B2BF98341FE4E0BC008530E1;
					};
				};
			};
			buildConfigurationList = B2BF98301FE4E0BC008530E1 /* Build configuration list for PBXProject "learnRAC" */;
			compatibilityVersion = "Xcode 8.0";
			developmentRegion = en;
			hasScannedForEncodings = 0;
			knownRegions = (
				en,
				Base,
			);
			mainGroup = B2BF982C1FE4E0BC008530E1;
			productRefGroup = B2BF98361FE4E0BC008530E1 /* Products */;
			projectDirPath = "";
			projectRoot = "";
			targets = (
				B2BF98341FE4E0BC008530E1 /* learnRAC */,
				B2BF984C1FE4E0BC008530E1 /* learnRACTests */,
				B2BF98571FE4E0BC008530E1 /* learnRACUITests */,
			);
		};
/* End PBXProject section */

/* Begin PBXResourcesBuildPhase section */
		B2BF98331FE4E0BC008530E1 /* Resources */ = {
			isa = PBXResourcesBuildPhase;
			buildActionMask = 2147483647;
			files = (
				B2BF98451FE4E0BC008530E1 /* LaunchScreen.storyboard in Resources */,
				B2CF87A91FE4E30F003464F9 /* ViewController.xib in Resources */,
				B2BF98421FE4E0BC008530E1 /* Assets.xcassets in Resources */,
			);
			runOnlyForDeploymentPostprocessing = 0;
		};
		B2BF984B1FE4E0BC008530E1 /* Resources */ = {
			isa = PBXResourcesBuildPhase;
			buildActionMask = 2147483647;
			files = (
			);
			runOnlyForDeploymentPostprocessing = 0;
		};
		B2BF98561FE4E0BC008530E1 /* Resources */ = {
			isa = PBXResourcesBuildPhase;
			buildActionMask = 2147483647;
			files = (
			);
			runOnlyForDeploymentPostprocessing = 0;
		};
/* End PBXResourcesBuildPhase section */

/* Begin PBXShellScriptBuildPhase section */
		1671E7259F42C4BE5C3F6C15 /* [CP] Embed Pods Frameworks */ = {
			isa = PBXShellScriptBuildPhase;
			buildActionMask = 2147483647;
			files = (
			);
			inputPaths = (
			);
			name = "[CP] Embed Pods Frameworks";
			outputPaths = (
			);
			runOnlyForDeploymentPostprocessing = 0;
			shellPath = /bin/sh;
			shellScript = "\"${SRCROOT}/Pods/Target Support Files/Pods-learnRACTests/Pods-learnRACTests-frameworks.sh\"\n";
			showEnvVarsInLog = 0;
		};
		3A620A6C20F99EEF3CF5106E /* [CP] Check Pods Manifest.lock */ = {
			isa = PBXShellScriptBuildPhase;
			buildActionMask = 2147483647;
			files = (
			);
			inputPaths = (
				"${PODS_PODFILE_DIR_PATH}/Podfile.lock",
				"${PODS_ROOT}/Manifest.lock",
			);
			name = "[CP] Check Pods Manifest.lock";
			outputPaths = (
				"$(DERIVED_FILE_DIR)/Pods-learnRAC-checkManifestLockResult.txt",
			);
			runOnlyForDeploymentPostprocessing = 0;
			shellPath = /bin/sh;
			shellScript = "diff \"${PODS_PODFILE_DIR_PATH}/Podfile.lock\" \"${PODS_ROOT}/Manifest.lock\" > /dev/null\nif [ $? != 0 ] ; then\n    # print error to STDERR\n    echo \"error: The sandbox is not in sync with the Podfile.lock. Run 'pod install' or update your CocoaPods installation.\" >&2\n    exit 1\nfi\n# This output is used by Xcode 'outputs' to avoid re-running this script phase.\necho \"SUCCESS\" > \"${SCRIPT_OUTPUT_FILE_0}\"\n";
			showEnvVarsInLog = 0;
		};
		5280693034130BE6FFE28727 /* [CP] Copy Pods Resources */ = {
			isa = PBXShellScriptBuildPhase;
			buildActionMask = 2147483647;
			files = (
			);
			inputPaths = (
			);
			name = "[CP] Copy Pods Resources";
			outputPaths = (
			);
			runOnlyForDeploymentPostprocessing = 0;
			shellPath = /bin/sh;
			shellScript = "\"${SRCROOT}/Pods/Target Support Files/Pods-learnRACTests/Pods-learnRACTests-resources.sh\"\n";
			showEnvVarsInLog = 0;
		};
		8153351D9D09B80C8D39BE88 /* [CP] Check Pods Manifest.lock */ = {
			isa = PBXShellScriptBuildPhase;
			buildActionMask = 2147483647;
			files = (
			);
			inputPaths = (
				"${PODS_PODFILE_DIR_PATH}/Podfile.lock",
				"${PODS_ROOT}/Manifest.lock",
			);
			name = "[CP] Check Pods Manifest.lock";
			outputPaths = (
				"$(DERIVED_FILE_DIR)/Pods-learnRACUITests-checkManifestLockResult.txt",
			);
			runOnlyForDeploymentPostprocessing = 0;
			shellPath = /bin/sh;
			shellScript = "diff \"${PODS_PODFILE_DIR_PATH}/Podfile.lock\" \"${PODS_ROOT}/Manifest.lock\" > /dev/null\nif [ $? != 0 ] ; then\n    # print error to STDERR\n    echo \"error: The sandbox is not in sync with the Podfile.lock. Run 'pod install' or update your CocoaPods installation.\" >&2\n    exit 1\nfi\n# This output is used by Xcode 'outputs' to avoid re-running this script phase.\necho \"SUCCESS\" > \"${SCRIPT_OUTPUT_FILE_0}\"\n";
			showEnvVarsInLog = 0;
		};
		91339C2E41905A16841EA91A /* [CP] Copy Pods Resources */ = {
			isa = PBXShellScriptBuildPhase;
			buildActionMask = 2147483647;
			files = (
			);
			inputPaths = (
			);
			name = "[CP] Copy Pods Resources";
			outputPaths = (
			);
			runOnlyForDeploymentPostprocessing = 0;
			shellPath = /bin/sh;
			shellScript = "\"${SRCROOT}/Pods/Target Support Files/Pods-learnRAC/Pods-learnRAC-resources.sh\"\n";
			showEnvVarsInLog = 0;
		};
		B713F550A45587EE5159AF31 /* [CP] Copy Pods Resources */ = {
			isa = PBXShellScriptBuildPhase;
			buildActionMask = 2147483647;
			files = (
			);
			inputPaths = (
			);
			name = "[CP] Copy Pods Resources";
			outputPaths = (
			);
			runOnlyForDeploymentPostprocessing = 0;
			shellPath = /bin/sh;
			shellScript = "\"${SRCROOT}/Pods/Target Support Files/Pods-learnRACUITests/Pods-learnRACUITests-resources.sh\"\n";
			showEnvVarsInLog = 0;
		};
		EB6752E4DA15C35C0F1BA594 /* [CP] Embed Pods Frameworks */ = {
			isa = PBXShellScriptBuildPhase;
			buildActionMask = 2147483647;
			files = (
			);
			inputPaths = (
			);
			name = "[CP] Embed Pods Frameworks";
			outputPaths = (
			);
			runOnlyForDeploymentPostprocessing = 0;
			shellPath = /bin/sh;
			shellScript = "\"${SRCROOT}/Pods/Target Support Files/Pods-learnRAC/Pods-learnRAC-frameworks.sh\"\n";
			showEnvVarsInLog = 0;
		};
		F67DCB29314F3BF80F339555 /* [CP] Embed Pods Frameworks */ = {
			isa = PBXShellScriptBuildPhase;
			buildActionMask = 2147483647;
			files = (
			);
			inputPaths = (
			);
			name = "[CP] Embed Pods Frameworks";
			outputPaths = (
			);
			runOnlyForDeploymentPostprocessing = 0;
			shellPath = /bin/sh;
			shellScript = "\"${SRCROOT}/Pods/Target Support Files/Pods-learnRACUITests/Pods-learnRACUITests-frameworks.sh\"\n";
			showEnvVarsInLog = 0;
		};
		FCF0FA50844B27775103FBBA /* [CP] Check Pods Manifest.lock */ = {
			isa = PBXShellScriptBuildPhase;
			buildActionMask = 2147483647;
			files = (
			);
			inputPaths = (
				"${PODS_PODFILE_DIR_PATH}/Podfile.lock",
				"${PODS_ROOT}/Manifest.lock",
			);
			name = "[CP] Check Pods Manifest.lock";
			outputPaths = (
				"$(DERIVED_FILE_DIR)/Pods-learnRACTests-checkManifestLockResult.txt",
			);
			runOnlyForDeploymentPostprocessing = 0;
			shellPath = /bin/sh;
			shellScript = "diff \"${PODS_PODFILE_DIR_PATH}/Podfile.lock\" \"${PODS_ROOT}/Manifest.lock\" > /dev/null\nif [ $? != 0 ] ; then\n    # print error to STDERR\n    echo \"error: The sandbox is not in sync with the Podfile.lock. Run 'pod install' or update your CocoaPods installation.\" >&2\n    exit 1\nfi\n# This output is used by Xcode 'outputs' to avoid re-running this script phase.\necho \"SUCCESS\" > \"${SCRIPT_OUTPUT_FILE_0}\"\n";
			showEnvVarsInLog = 0;
		};
/* End PBXShellScriptBuildPhase section */

/* Begin PBXSourcesBuildPhase section */
		B2BF98311FE4E0BC008530E1 /* Sources */ = {
			isa = PBXSourcesBuildPhase;
			buildActionMask = 2147483647;
			files = (
				B2CF87A81FE4E30F003464F9 /* ViewController.m in Sources */,
				B2BF98481FE4E0BC008530E1 /* main.m in Sources */,
				B2BF983A1FE4E0BC008530E1 /* AppDelegate.m in Sources */,
			);
			runOnlyForDeploymentPostprocessing = 0;
		};
		B2BF98491FE4E0BC008530E1 /* Sources */ = {
			isa = PBXSourcesBuildPhase;
			buildActionMask = 2147483647;
			files = (
				B2BF98521FE4E0BC008530E1 /* learnRACTests.m in Sources */,
			);
			runOnlyForDeploymentPostprocessing = 0;
		};
		B2BF98541FE4E0BC008530E1 /* Sources */ = {
			isa = PBXSourcesBuildPhase;
			buildActionMask = 2147483647;
			files = (
				B2BF985D1FE4E0BC008530E1 /* learnRACUITests.m in Sources */,
			);
			runOnlyForDeploymentPostprocessing = 0;
		};
/* End PBXSourcesBuildPhase section */

/* Begin PBXTargetDependency section */
		B2BF984F1FE4E0BC008530E1 /* PBXTargetDependency */ = {
			isa = PBXTargetDependency;
			target = B2BF98341FE4E0BC008530E1 /* learnRAC */;
			targetProxy = B2BF984E1FE4E0BC008530E1 /* PBXContainerItemProxy */;
		};
		B2BF985A1FE4E0BC008530E1 /* PBXTargetDependency */ = {
			isa = PBXTargetDependency;
			target = B2BF98341FE4E0BC008530E1 /* learnRAC */;
			targetProxy = B2BF98591FE4E0BC008530E1 /* PBXContainerItemProxy */;
		};
/* End PBXTargetDependency section */

/* Begin PBXVariantGroup section */
		B2BF98431FE4E0BC008530E1 /* LaunchScreen.storyboard */ = {
			isa = PBXVariantGroup;
			children = (
				B2BF98441FE4E0BC008530E1 /* Base */,
			);
			name = LaunchScreen.storyboard;
			sourceTree = "<group>";
		};
/* End PBXVariantGroup section */

/* Begin XCBuildConfiguration section */
		B2BF985F1FE4E0BC008530E1 /* Debug */ = {
			isa = XCBuildConfiguration;
			buildSettings = {
				ALWAYS_SEARCH_USER_PATHS = NO;
				CLANG_ANALYZER_NONNULL = YES;
				CLANG_ANALYZER_NUMBER_OBJECT_CONVERSION = YES_AGGRESSIVE;
				CLANG_CXX_LANGUAGE_STANDARD = "gnu++14";
				CLANG_CXX_LIBRARY = "libc++";
				CLANG_ENABLE_MODULES = YES;
				CLANG_ENABLE_OBJC_ARC = YES;
				CLANG_WARN_BLOCK_CAPTURE_AUTORELEASING = YES;
				CLANG_WARN_BOOL_CONVERSION = YES;
				CLANG_WARN_COMMA = YES;
				CLANG_WARN_CONSTANT_CONVERSION = YES;
				CLANG_WARN_DIRECT_OBJC_ISA_USAGE = YES_ERROR;
				CLANG_WARN_DOCUMENTATION_COMMENTS = YES;
				CLANG_WARN_EMPTY_BODY = YES;
				CLANG_WARN_ENUM_CONVERSION = YES;
				CLANG_WARN_INFINITE_RECURSION = YES;
				CLANG_WARN_INT_CONVERSION = YES;
				CLANG_WARN_NON_LITERAL_NULL_CONVERSION = YES;
				CLANG_WARN_OBJC_LITERAL_CONVERSION = YES;
				CLANG_WARN_OBJC_ROOT_CLASS = YES_ERROR;
				CLANG_WARN_RANGE_LOOP_ANALYSIS = YES;
				CLANG_WARN_STRICT_PROTOTYPES = YES;
				CLANG_WARN_SUSPICIOUS_MOVE = YES;
				CLANG_WARN_UNGUARDED_AVAILABILITY = YES_AGGRESSIVE;
				CLANG_WARN_UNREACHABLE_CODE = YES;
				CLANG_WARN__DUPLICATE_METHOD_MATCH = YES;
				CODE_SIGN_IDENTITY = "iPhone Developer";
				COPY_PHASE_STRIP = NO;
				DEBUG_INFORMATION_FORMAT = dwarf;
				ENABLE_STRICT_OBJC_MSGSEND = YES;
				ENABLE_TESTABILITY = YES;
				GCC_C_LANGUAGE_STANDARD = gnu11;
				GCC_DYNAMIC_NO_PIC = NO;
				GCC_NO_COMMON_BLOCKS = YES;
				GCC_OPTIMIZATION_LEVEL = 0;
				GCC_PREPROCESSOR_DEFINITIONS = (
					"DEBUG=1",
					"$(inherited)",
				);
				GCC_WARN_64_TO_32_BIT_CONVERSION = YES;
				GCC_WARN_ABOUT_RETURN_TYPE = YES_ERROR;
				GCC_WARN_UNDECLARED_SELECTOR = YES;
				GCC_WARN_UNINITIALIZED_AUTOS = YES_AGGRESSIVE;
				GCC_WARN_UNUSED_FUNCTION = YES;
				GCC_WARN_UNUSED_VARIABLE = YES;
				IPHONEOS_DEPLOYMENT_TARGET = 11.2;
				MTL_ENABLE_DEBUG_INFO = YES;
				ONLY_ACTIVE_ARCH = YES;
				SDKROOT = iphoneos;
			};
			name = Debug;
		};
		B2BF98601FE4E0BC008530E1 /* Release */ = {
			isa = XCBuildConfiguration;
			buildSettings = {
				ALWAYS_SEARCH_USER_PATHS = NO;
				CLANG_ANALYZER_NONNULL = YES;
				CLANG_ANALYZER_NUMBER_OBJECT_CONVERSION = YES_AGGRESSIVE;
				CLANG_CXX_LANGUAGE_STANDARD = "gnu++14";
				CLANG_CXX_LIBRARY = "libc++";
				CLANG_ENABLE_MODULES = YES;
				CLANG_ENABLE_OBJC_ARC = YES;
				CLANG_WARN_BLOCK_CAPTURE_AUTORELEASING = YES;
				CLANG_WARN_BOOL_CONVERSION = YES;
				CLANG_WARN_COMMA = YES;
				CLANG_WARN_CONSTANT_CONVERSION = YES;
				CLANG_WARN_DIRECT_OBJC_ISA_USAGE = YES_ERROR;
				CLANG_WARN_DOCUMENTATION_COMMENTS = YES;
				CLANG_WARN_EMPTY_BODY = YES;
				CLANG_WARN_ENUM_CONVERSION = YES;
				CLANG_WARN_INFINITE_RECURSION = YES;
				CLANG_WARN_INT_CONVERSION = YES;
				CLANG_WARN_NON_LITERAL_NULL_CONVERSION = YES;
				CLANG_WARN_OBJC_LITERAL_CONVERSION = YES;
				CLANG_WARN_OBJC_ROOT_CLASS = YES_ERROR;
				CLANG_WARN_RANGE_LOOP_ANALYSIS = YES;
				CLANG_WARN_STRICT_PROTOTYPES = YES;
				CLANG_WARN_SUSPICIOUS_MOVE = YES;
				CLANG_WARN_UNGUARDED_AVAILABILITY = YES_AGGRESSIVE;
				CLANG_WARN_UNREACHABLE_CODE = YES;
				CLANG_WARN__DUPLICATE_METHOD_MATCH = YES;
				CODE_SIGN_IDENTITY = "iPhone Developer";
				COPY_PHASE_STRIP = NO;
				DEBUG_INFORMATION_FORMAT = "dwarf-with-dsym";
				ENABLE_NS_ASSERTIONS = NO;
				ENABLE_STRICT_OBJC_MSGSEND = YES;
				GCC_C_LANGUAGE_STANDARD = gnu11;
				GCC_NO_COMMON_BLOCKS = YES;
				GCC_WARN_64_TO_32_BIT_CONVERSION = YES;
				GCC_WARN_ABOUT_RETURN_TYPE = YES_ERROR;
				GCC_WARN_UNDECLARED_SELECTOR = YES;
				GCC_WARN_UNINITIALIZED_AUTOS = YES_AGGRESSIVE;
				GCC_WARN_UNUSED_FUNCTION = YES;
				GCC_WARN_UNUSED_VARIABLE = YES;
				IPHONEOS_DEPLOYMENT_TARGET = 11.2;
				MTL_ENABLE_DEBUG_INFO = NO;
				SDKROOT = iphoneos;
				VALIDATE_PRODUCT = YES;
			};
			name = Release;
		};
		B2BF98621FE4E0BC008530E1 /* Debug */ = {
			isa = XCBuildConfiguration;
			baseConfigurationReference = 0E7342AA5C868205B154123B /* Pods-learnRAC.debug.xcconfig */;
			buildSettings = {
				ASSETCATALOG_COMPILER_APPICON_NAME = AppIcon;
				CODE_SIGN_STYLE = Automatic;
				DEVELOPMENT_TEAM = E9J732K284;
				INFOPLIST_FILE = learnRAC/Info.plist;
				IPHONEOS_DEPLOYMENT_TARGET = 8.0;
				LD_RUNPATH_SEARCH_PATHS = "$(inherited) @executable_path/Frameworks";
				PRODUCT_BUNDLE_IDENTIFIER = ljj.com.learnRAC;
				PRODUCT_NAME = "$(TARGET_NAME)";
				TARGETED_DEVICE_FAMILY = "1,2";
			};
			name = Debug;
		};
		B2BF98631FE4E0BC008530E1 /* Release */ = {
			isa = XCBuildConfiguration;
			baseConfigurationReference = 4205B9433BD8BBBF38C18EDA /* Pods-learnRAC.release.xcconfig */;
			buildSettings = {
				ASSETCATALOG_COMPILER_APPICON_NAME = AppIcon;
				CODE_SIGN_STYLE = Automatic;
				DEVELOPMENT_TEAM = E9J732K284;
				INFOPLIST_FILE = learnRAC/Info.plist;
				IPHONEOS_DEPLOYMENT_TARGET = 8.0;
				LD_RUNPATH_SEARCH_PATHS = "$(inherited) @executable_path/Frameworks";
				PRODUCT_BUNDLE_IDENTIFIER = ljj.com.learnRAC;
				PRODUCT_NAME = "$(TARGET_NAME)";
				TARGETED_DEVICE_FAMILY = "1,2";
			};
			name = Release;
		};
		B2BF98651FE4E0BC008530E1 /* Debug */ = {
			isa = XCBuildConfiguration;
			baseConfigurationReference = 8E92C0D0D24AE65DF564DD7E /* Pods-learnRACTests.debug.xcconfig */;
			buildSettings = {
				BUNDLE_LOADER = "$(TEST_HOST)";
				CODE_SIGN_STYLE = Automatic;
				DEVELOPMENT_TEAM = E9J732K284;
				INFOPLIST_FILE = learnRACTests/Info.plist;
				LD_RUNPATH_SEARCH_PATHS = "$(inherited) @executable_path/Frameworks @loader_path/Frameworks";
				PRODUCT_BUNDLE_IDENTIFIER = ljj.com.learnRACTests;
				PRODUCT_NAME = "$(TARGET_NAME)";
				TARGETED_DEVICE_FAMILY = "1,2";
				TEST_HOST = "$(BUILT_PRODUCTS_DIR)/learnRAC.app/learnRAC";
			};
			name = Debug;
		};
		B2BF98661FE4E0BC008530E1 /* Release */ = {
			isa = XCBuildConfiguration;
			baseConfigurationReference = 527F2CEF12C11B6632AE7FC3 /* Pods-learnRACTests.release.xcconfig */;
			buildSettings = {
				BUNDLE_LOADER = "$(TEST_HOST)";
				CODE_SIGN_STYLE = Automatic;
				DEVELOPMENT_TEAM = E9J732K284;
				INFOPLIST_FILE = learnRACTests/Info.plist;
				LD_RUNPATH_SEARCH_PATHS = "$(inherited) @executable_path/Frameworks @loader_path/Frameworks";
				PRODUCT_BUNDLE_IDENTIFIER = ljj.com.learnRACTests;
				PRODUCT_NAME = "$(TARGET_NAME)";
				TARGETED_DEVICE_FAMILY = "1,2";
				TEST_HOST = "$(BUILT_PRODUCTS_DIR)/learnRAC.app/learnRAC";
			};
			name = Release;
		};
		B2BF98681FE4E0BC008530E1 /* Debug */ = {
			isa = XCBuildConfiguration;
			baseConfigurationReference = BB32F9515C2784338101282B /* Pods-learnRACUITests.debug.xcconfig */;
			buildSettings = {
				CODE_SIGN_STYLE = Automatic;
				DEVELOPMENT_TEAM = E9J732K284;
				INFOPLIST_FILE = learnRACUITests/Info.plist;
				LD_RUNPATH_SEARCH_PATHS = "$(inherited) @executable_path/Frameworks @loader_path/Frameworks";
				PRODUCT_BUNDLE_IDENTIFIER = ljj.com.learnRACUITests;
				PRODUCT_NAME = "$(TARGET_NAME)";
				TARGETED_DEVICE_FAMILY = "1,2";
				TEST_TARGET_NAME = learnRAC;
			};
			name = Debug;
		};
		B2BF98691FE4E0BC008530E1 /* Release */ = {
			isa = XCBuildConfiguration;
			baseConfigurationReference = BD50050BAC9603E3F05E0393 /* Pods-learnRACUITests.release.xcconfig */;
			buildSettings = {
				CODE_SIGN_STYLE = Automatic;
				DEVELOPMENT_TEAM = E9J732K284;
				INFOPLIST_FILE = learnRACUITests/Info.plist;
				LD_RUNPATH_SEARCH_PATHS = "$(inherited) @executable_path/Frameworks @loader_path/Frameworks";
				PRODUCT_BUNDLE_IDENTIFIER = ljj.com.learnRACUITests;
				PRODUCT_NAME = "$(TARGET_NAME)";
				TARGETED_DEVICE_FAMILY = "1,2";
				TEST_TARGET_NAME = learnRAC;
			};
			name = Release;
		};
/* End XCBuildConfiguration section */

/* Begin XCConfigurationList section */
		B2BF98301FE4E0BC008530E1 /* Build configuration list for PBXProject "learnRAC" */ = {
			isa = XCConfigurationList;
			buildConfigurations = (
				B2BF985F1FE4E0BC008530E1 /* Debug */,
				B2BF98601FE4E0BC008530E1 /* Release */,
			);
			defaultConfigurationIsVisible = 0;
			defaultConfigurationName = Release;
		};
		B2BF98611FE4E0BC008530E1 /* Build configuration list for PBXNativeTarget "learnRAC" */ = {
			isa = XCConfigurationList;
			buildConfigurations = (
				B2BF98621FE4E0BC008530E1 /* Debug */,
				B2BF98631FE4E0BC008530E1 /* Release */,
			);
			defaultConfigurationIsVisible = 0;
			defaultConfigurationName = Release;
		};
		B2BF98641FE4E0BC008530E1 /* Build configuration list for PBXNativeTarget "learnRACTests" */ = {
			isa = XCConfigurationList;
			buildConfigurations = (
				B2BF98651FE4E0BC008530E1 /* Debug */,
				B2BF98661FE4E0BC008530E1 /* Release */,
			);
			defaultConfigurationIsVisible = 0;
			defaultConfigurationName = Release;
		};
		B2BF98671FE4E0BC008530E1 /* Build configuration list for PBXNativeTarget "learnRACUITests" */ = {
			isa = XCConfigurationList;
			buildConfigurations = (
				B2BF98681FE4E0BC008530E1 /* Debug */,
				B2BF98691FE4E0BC008530E1 /* Release */,
			);
			defaultConfigurationIsVisible = 0;
			defaultConfigurationName = Release;
		};
/* End XCConfigurationList section */
	};
	rootObject = B2BF982D1FE4E0BC008530E1 /* Project object */;
}
